
Microsoft Visual Studio Solution File, Format Version 12.00
# Visual Studio Version 17
VisualStudioVersion = 17.1.32319.34
MinimumVisualStudioVersion = 10.0.40219.1
Project("{FAE04EC0-301F-11D3-BF4B-00C04F79EFBC}") = "ImageCropResize", "ImageCropResize\ImageCropResize.csproj", "{20612BAB-EBFA-4180-A567-66CAD5C02701}"
EndProject
Global
	GlobalSection(SolutionConfigurationPlatforms) = preSolution
		Debug|Any CPU = Debug|Any CPU
		Release|Any CPU = Release|Any CPU
	EndGlobalSection
	GlobalSection(ProjectConfigurationPlatforms) = postSolution
		{20612BAB-EBFA-4180-A567-66CAD5C02701}.Debug|Any CPU.ActiveCfg = Debug|Any CPU
		{20612BAB-EBFA-4180-A567-66CAD5C02701}.Debug|Any CPU.Build.0 = Debug|Any CPU
		{20612BAB-EBFA-4180-A567-66CAD5C02701}.Release|Any CPU.ActiveCfg = Release|Any CPU
		{20612BAB-EBFA-4180-A567-66CAD5C02701}.Release|Any CPU.Build.0 = Release|Any CPU
	EndGlobalSection
	GlobalSection(SolutionProperties) = preSolution
		HideSolutionNode = FALSE
	EndGlobalSection
	GlobalSection(ExtensibilityGlobals) = postSolution
		SolutionGuid = {B1714909-11C1-4A6E-B21B-981629C794EE}
	EndGlobalSection
EndGlobal
